
Microsoft Visual Studio Solution File, Format Version 12.00
# Visual Studio Version 16
VisualStudioVersion = 16.0.31205.134
MinimumVisualStudioVersion = 10.0.40219.1
Project("{FAE04EC0-301F-11D3-BF4B-00C04F79EFBC}") = "MoviePro", "MoviePro\MoviePro.csproj", "{1853DF2F-6B21-4B84-8204-1D0413C01CFA}"
EndProject
Global
	GlobalSection(SolutionConfigurationPlatforms) = preSolution
		Debug|Any CPU = Debug|Any CPU
		Release|Any CPU = Release|Any CPU
	EndGlobalSection
	GlobalSection(ProjectConfigurationPlatforms) = postSolution
		{1853DF2F-6B21-4B84-8204-1D0413C01CFA}.Debug|Any CPU.ActiveCfg = Debug|Any CPU
		{1853DF2F-6B21-4B84-8204-1D0413C01CFA}.Debug|Any CPU.Build.0 = Debug|Any CPU
		{1853DF2F-6B21-4B84-8204-1D0413C01CFA}.Release|Any CPU.ActiveCfg = Release|Any CPU
		{1853DF2F-6B21-4B84-8204-1D0413C01CFA}.Release|Any CPU.Build.0 = Release|Any CPU
	EndGlobalSection
	GlobalSection(SolutionProperties) = preSolution
		HideSolutionNode = FALSE
	EndGlobalSection
	GlobalSection(ExtensibilityGlobals) = postSolution
		SolutionGuid = {EA208FC7-8E64-4E92-93E8-3CCDA9343B1B}
	EndGlobalSection
EndGlobal
